{
  "name": "@sextant/dash-bundle",
  "version": "0.0.0",
  "lockfileVersion": 3,
  "requires": true,
  "packages": {
    "": {
      "name": "@sextant/dash-bundle",
      "version": "0.0.0",
      "dependencies": {
        "@sextant/conv-goals": "file:../../../conventions/goal/ts",
        "@sextant/conv-review": "file:../../../conventions/review/ts",
        "@sextant/sdk": "file:../../../sdk/ts"
      }
    },
    "../../../conventions/goal/ts": {
      "name": "@sextant/conv-goals",
      "version": "0.1.0",
      "license": "MIT",
      "dependencies": {
        "@sextant/sdk": "file:../../../sdk/ts"
      },
      "devDependencies": {
        "@types/node": "^26.0.0",
        "typescript": "^6.0.3"
      },
      "engines": {
        "node": ">=22"
      }
    },
    "../../../conventions/review/ts": {
      "name": "@sextant/conv-review",
      "version": "0.1.0",
      "license": "MIT",
      "dependencies": {
        "@sextant/conv-goals": "file:../../goal/ts",
        "@sextant/sdk": "file:../../../sdk/ts"
      },
      "devDependencies": {
        "@types/node": "^26.0.0",
        "typescript": "^6.0.3"
      },
      "engines": {
        "node": ">=22"
      }
    },
    "../../../sdk/ts": {
      "name": "@sextant/sdk",
      "version": "0.1.0",
      "license": "MIT",
      "dependencies": {
        "nats": "2.29.3",
        "nats.ws": "1.30.3"
      },
      "devDependencies": {
        "@types/node": "^26.0.0",
        "typescript": "^6.0.3"
      },
      "engines": {
        "node": ">=22"
      }
    },
    "node_modules/@sextant/conv-goals": {
      "resolved": "../../../conventions/goal/ts",
      "link": true
    },
    "node_modules/@sextant/conv-review": {
      "resolved": "../../../conventions/review/ts",
      "link": true
    },
    "node_modules/@sextant/sdk": {
      "resolved": "../../../sdk/ts",
      "link": true
    }
  }
}
