{
  "name": "@sextant/dash-bundle",
  "version": "0.0.0",
  "lockfileVersion": 3,
  "requires": true,
  "packages": {
    "": {
      "name": "@sextant/dash-bundle",
      "version": "0.0.0",
      "dependencies": {
        "@sextant/conv-goals": "file:../../../../../../ts/conventions/goals",
        "@sextant/conv-review": "file:../../../../../../ts/conventions/review",
        "@sextant/sdk": "file:../../../../../../ts/sdk"
      }
    },
    "../../../../../../ts/conventions/goals": {
      "name": "@sextant/conv-goals",
      "version": "0.1.0",
      "license": "MIT",
      "dependencies": {
        "@sextant/sdk": "file:../../sdk"
      },
      "devDependencies": {
        "@types/node": "^26.0.0",
        "typescript": "^6.0.3"
      },
      "engines": {
        "node": ">=22"
      }
    },
    "../../../../../../ts/conventions/review": {
      "name": "@sextant/conv-review",
      "version": "0.1.0",
      "license": "MIT",
      "dependencies": {
        "@sextant/conv-goals": "file:../goals",
        "@sextant/sdk": "file:../../sdk"
      },
      "devDependencies": {
        "@types/node": "^26.0.0",
        "typescript": "^6.0.3"
      },
      "engines": {
        "node": ">=22"
      }
    },
    "../../../../../../ts/sdk": {
      "name": "@sextant/sdk",
      "version": "0.1.0",
      "license": "MIT",
      "dependencies": {
        "nats": "2.29.3",
        "nats.ws": "1.30.3"
      },
      "devDependencies": {
        "@types/node": "^26.0.0",
        "typescript": "^6.0.3"
      },
      "engines": {
        "node": ">=22"
      }
    },
    "node_modules/@sextant/conv-goals": {
      "resolved": "../../../../../../ts/conventions/goals",
      "link": true
    },
    "node_modules/@sextant/conv-review": {
      "resolved": "../../../../../../ts/conventions/review",
      "link": true
    },
    "node_modules/@sextant/sdk": {
      "resolved": "../../../../../../ts/sdk",
      "link": true
    }
  }
}
