{
  "name": "sextant-backlog-cli",
  "lockfileVersion": 3,
  "requires": true,
  "packages": {
    "": {
      "name": "sextant-backlog-cli",
      "dependencies": {
        "backlog.md": "1.45.2"
      }
    },
    "node_modules/backlog.md": {
      "version": "1.45.2",
      "resolved": "https://registry.npmjs.org/backlog.md/-/backlog.md-1.45.2.tgz",
      "integrity": "sha512-RPhqKcHVVrG7nDB0qFbQ0dFli4jnY2lFD0YC1ZVSCuPJWFfugPNdRI227dWm4P2owvHSzOqxSNeS/ECpCyHuog==",
      "license": "MIT",
      "bin": {
        "backlog": "cli.js"
      },
      "optionalDependencies": {
        "backlog.md-darwin-arm64": "1.45.2",
        "backlog.md-darwin-x64": "1.45.2",
        "backlog.md-linux-arm64": "1.45.2",
        "backlog.md-linux-x64": "1.45.2",
        "backlog.md-windows-arm64": "1.45.2",
        "backlog.md-windows-x64": "1.45.2"
      }
    },
    "node_modules/backlog.md-darwin-arm64": {
      "version": "1.45.2",
      "resolved": "https://registry.npmjs.org/backlog.md-darwin-arm64/-/backlog.md-darwin-arm64-1.45.2.tgz",
      "integrity": "sha512-kJM49+x6BEbzN04RtbZ0DXY3LkRpECRppfq7nrxNN2wrXRuomRzhsB42ckVvKZesiZXxIlYway6Tair6V11eZQ==",
      "cpu": [
        "arm64"
      ],
      "optional": true,
      "os": [
        "darwin"
      ]
    },
    "node_modules/backlog.md-darwin-x64": {
      "version": "1.45.2",
      "resolved": "https://registry.npmjs.org/backlog.md-darwin-x64/-/backlog.md-darwin-x64-1.45.2.tgz",
      "integrity": "sha512-321zjgUL5NTLbBtkphkiR1YeI6SBSl80204v6fOwsQ9pAUpZnPpv+8PgisCzSXBtyTBsoAd2WlQ3d0i4GFrS7g==",
      "cpu": [
        "x64"
      ],
      "optional": true,
      "os": [
        "darwin"
      ]
    },
    "node_modules/backlog.md-linux-arm64": {
      "version": "1.45.2",
      "resolved": "https://registry.npmjs.org/backlog.md-linux-arm64/-/backlog.md-linux-arm64-1.45.2.tgz",
      "integrity": "sha512-2jA/Dt7Ay6VYhxbuG1jRUY3PSxgtQf14mOX3wZxCsxgClRc1ar6zfQYERksNiwy3ujXWZUU5XpVU3sLhwV6q7Q==",
      "cpu": [
        "arm64"
      ],
      "optional": true,
      "os": [
        "linux"
      ]
    },
    "node_modules/backlog.md-linux-x64": {
      "version": "1.45.2",
      "resolved": "https://registry.npmjs.org/backlog.md-linux-x64/-/backlog.md-linux-x64-1.45.2.tgz",
      "integrity": "sha512-Ok5t0lXRfegU2xOC2yo0ZHgRP3c8lOYF1n2k9XTBLrvDGFmbsF0SdNiKY0+MPHUamQbi5Gyof/K5i2ltX4Y5pQ==",
      "cpu": [
        "x64"
      ],
      "optional": true,
      "os": [
        "linux"
      ]
    },
    "node_modules/backlog.md-windows-arm64": {
      "version": "1.45.2",
      "resolved": "https://registry.npmjs.org/backlog.md-windows-arm64/-/backlog.md-windows-arm64-1.45.2.tgz",
      "integrity": "sha512-2PqwDlkGFBUXUIrPE862dYb9FE2hSHQOvGzDE9BGnBY48t/QILBU+TEnxZveUcIn5lhvaeObvwI8WwiQAoPVfw==",
      "cpu": [
        "arm64"
      ],
      "optional": true,
      "os": [
        "win32"
      ]
    },
    "node_modules/backlog.md-windows-x64": {
      "version": "1.45.2",
      "resolved": "https://registry.npmjs.org/backlog.md-windows-x64/-/backlog.md-windows-x64-1.45.2.tgz",
      "integrity": "sha512-kP/7tfTdjR0Ku7S9w9qBqDZiBJoc7jc77r3NpKK/ABWrIm/Ivxc+WrI7WTQMkP0mG2A72iCDOy8Lh1O5cCaEyQ==",
      "cpu": [
        "x64"
      ],
      "optional": true,
      "os": [
        "win32"
      ]
    }
  }
}
